
Microsoft Visual Studio Solution File, Format Version 12.00
# Visual Studio 14
VisualStudioVersion = 14.0.24720.0
MinimumVisualStudioVersion = 10.0.40219.1
Project("{FAE04EC0-301F-11D3-BF4B-00C04F79EFBC}") = "REPLOrama", "REPLOrama\REPLOrama.csproj", "{6964DDCB-2EFC-4D2D-9CF8-6C5A5477690D}"
EndProject
Project("{2150E333-8FDC-42A3-9474-1A3956D46DE8}") = "Build", "Build", "{F9D15875-0FEF-4C7E-8D9D-4258E5DFC2D9}"
	ProjectSection(SolutionItems) = preProject
		Build\Build.ps1 = Build\Build.ps1
	EndProjectSection
EndProject
Project("{2150E333-8FDC-42A3-9474-1A3956D46DE8}") = "Solution Items", "Solution Items", "{4A0E8113-99F0-4776-9C42-CA2CE5050CCF}"
	ProjectSection(SolutionItems) = preProject
		CommitStage.ps1 = CommitStage.ps1
		PushPackage.ps1 = PushPackage.ps1
	EndProjectSection
EndProject
Global
	GlobalSection(SolutionConfigurationPlatforms) = preSolution
		Debug|Any CPU = Debug|Any CPU
		Release|Any CPU = Release|Any CPU
	EndGlobalSection
	GlobalSection(ProjectConfigurationPlatforms) = postSolution
		{6964DDCB-2EFC-4D2D-9CF8-6C5A5477690D}.Debug|Any CPU.ActiveCfg = Debug|Any CPU
		{6964DDCB-2EFC-4D2D-9CF8-6C5A5477690D}.Debug|Any CPU.Build.0 = Debug|Any CPU
		{6964DDCB-2EFC-4D2D-9CF8-6C5A5477690D}.Release|Any CPU.ActiveCfg = Release|Any CPU
		{6964DDCB-2EFC-4D2D-9CF8-6C5A5477690D}.Release|Any CPU.Build.0 = Release|Any CPU
	EndGlobalSection
	GlobalSection(SolutionProperties) = preSolution
		HideSolutionNode = FALSE
	EndGlobalSection
EndGlobal
